
Microsoft Visual Studio Solution File, Format Version 12.00
# Visual Studio 15
VisualStudioVersion = 15.0.26430.15
MinimumVisualStudioVersion = 10.0.40219.1
Project("{DA7A21FA-8162-4350-AD77-A8D1B671F3ED}") = "parquetr", "parquetr.rxproj", "{CA81C5BB-FD3F-421A-B4D4-29A3A2BFBC1E}"
EndProject
Global
	GlobalSection(SolutionConfigurationPlatforms) = preSolution
		Debug|Any CPU = Debug|Any CPU
		Release|Any CPU = Release|Any CPU
	EndGlobalSection
	GlobalSection(ProjectConfigurationPlatforms) = postSolution
		{CA81C5BB-FD3F-421A-B4D4-29A3A2BFBC1E}.Debug|Any CPU.ActiveCfg = Debug|Any CPU
		{CA81C5BB-FD3F-421A-B4D4-29A3A2BFBC1E}.Debug|Any CPU.Build.0 = Debug|Any CPU
		{CA81C5BB-FD3F-421A-B4D4-29A3A2BFBC1E}.Release|Any CPU.ActiveCfg = Release|Any CPU
		{CA81C5BB-FD3F-421A-B4D4-29A3A2BFBC1E}.Release|Any CPU.Build.0 = Release|Any CPU
	EndGlobalSection
	GlobalSection(SolutionProperties) = preSolution
		HideSolutionNode = FALSE
	EndGlobalSection
EndGlobal
